{
  "name": "bloom-filters",
  "version": "1.0.0",
  "lockfileVersion": 3,
  "requires": true,
  "packages": {
    "": {
      "name": "bloom-filters",
      "version": "1.0.0",
      "license": "ISC",
      "dependencies": {
        "@node-rs/xxhash": "^1.7.6",
        "memjs": "^1.3.2",
        "mysql2": "^3.1.2",
        "redis": "^5.11.0"
      }
    },
    "node_modules/@emnapi/core": {
      "version": "1.8.1",
      "resolved": "https://registry.npmjs.org/@emnapi/core/-/core-1.8.1.tgz",
      "integrity": "sha512-AvT9QFpxK0Zd8J0jopedNm+w/2fIzvtPKPjqyw9jwvBaReTTqPBk9Hixaz7KbjimP+QNz605/XnjFcDAL2pqBg==",
      "license": "MIT",
      "optional": true,
      "dependencies": {
        "@emnapi/wasi-threads": "1.1.0",
        "tslib": "^2.4.0"
      }
    },
    "node_modules/@emnapi/runtime": {
      "version": "1.8.1",
      "resolved": "https://registry.npmjs.org/@emnapi/runtime/-/runtime-1.8.1.tgz",
      "integrity": "sha512-mehfKSMWjjNol8659Z8KxEMrdSJDDot5SXMq00dM8BN4o+CLNXQ0xH2V7EchNHV4RmbZLmmPdEaXZc5H2FXmDg==",
      "license": "MIT",
      "optional": true,
      "dependencies": {
        "tslib": "^2.4.0"
      }
    },
    "node_modules/@emnapi/wasi-threads": {
      "version": "1.1.0",
      "resolved": "https://registry.npmjs.org/@emnapi/wasi-threads/-/wasi-threads-1.1.0.tgz",
      "integrity": "sha512-WI0DdZ8xFSbgMjR1sFsKABJ/C5OnRrjT06JXbZKexJGrDuPTzZdDYfFlsgcCXCyf+suG5QU2e/y1Wo2V/OapLQ==",
      "license": "MIT",
      "optional": true,
      "dependencies": {
        "tslib": "^2.4.0"
      }
    },
    "node_modules/@napi-rs/wasm-runtime": {
      "version": "0.2.12",
      "resolved": "https://registry.npmjs.org/@napi-rs/wasm-runtime/-/wasm-runtime-0.2.12.tgz",
      "integrity": "sha512-ZVWUcfwY4E/yPitQJl481FjFo3K22D6qF0DuFH6Y/nbnE11GY5uguDxZMGXPQ8WQ0128MXQD7TnfHyK4oWoIJQ==",
      "license": "MIT",
      "optional": true,
      "dependencies": {
        "@emnapi/core": "^1.4.3",
        "@emnapi/runtime": "^1.4.3",
        "@tybys/wasm-util": "^0.10.0"
      }
    },
    "node_modules/@node-rs/xxhash": {
      "version": "1.7.6",
      "resolved": "https://registry.npmjs.org/@node-rs/xxhash/-/xxhash-1.7.6.tgz",
      "integrity": "sha512-XMisO+aQHsVpxRp/85EszTtOQTOlhPbd149P/Xa9F55wafA6UM3h2UhOgOs7aAzItnHU/Aw1WQ1FVTEg7WB43Q==",
      "license": "MIT",
      "peer": true,
      "engines": {
        "node": ">= 12"
      },
      "funding": {
        "type": "github",
        "url": "https://github.com/sponsors/Brooooooklyn"
      },
      "optionalDependencies": {
        "@node-rs/xxhash-android-arm-eabi": "1.7.6",
        "@node-rs/xxhash-android-arm64": "1.7.6",
        "@node-rs/xxhash-darwin-arm64": "1.7.6",
        "@node-rs/xxhash-darwin-x64": "1.7.6",
        "@node-rs/xxhash-freebsd-x64": "1.7.6",
        "@node-rs/xxhash-linux-arm-gnueabihf": "1.7.6",
        "@node-rs/xxhash-linux-arm64-gnu": "1.7.6",
        "@node-rs/xxhash-linux-arm64-musl": "1.7.6",
        "@node-rs/xxhash-linux-x64-gnu": "1.7.6",
        "@node-rs/xxhash-linux-x64-musl": "1.7.6",
        "@node-rs/xxhash-wasm32-wasi": "1.7.6",
        "@node-rs/xxhash-win32-arm64-msvc": "1.7.6",
        "@node-rs/xxhash-win32-ia32-msvc": "1.7.6",
        "@node-rs/xxhash-win32-x64-msvc": "1.7.6"
      }
    },
    "node_modules/@node-rs/xxhash-android-arm-eabi": {
      "version": "1.7.6",
      "resolved": "https://registry.npmjs.org/@node-rs/xxhash-android-arm-eabi/-/xxhash-android-arm-eabi-1.7.6.tgz",
      "integrity": "sha512-ptmfpFZ8SgTef58Us+0HsZ9BKhyX/gZYbhLkuzPt7qUoMqMSJK85NC7LEgzDgjUiG+S5GahEEQ9/tfh9BVvKhw==",
      "cpu": [
        "arm"
      ],
      "license": "MIT",
      "optional": true,
      "os": [
        "android"
      ],
      "engines": {
        "node": ">= 12"
      }
    },
    "node_modules/@node-rs/xxhash-android-arm64": {
      "version": "1.7.6",
      "resolved": "https://registry.npmjs.org/@node-rs/xxhash-android-arm64/-/xxhash-android-arm64-1.7.6.tgz",
      "integrity": "sha512-n4MyZvqifuoARfBvrZ2IBqmsGzwlVI3kb2mB0gVvoHtMsPbl/q94zoDBZ7WgeP3t4Wtli+QS3zgeTCOWUbqqUQ==",
      "cpu": [
        "arm64"
      ],
      "license": "MIT",
      "optional": true,
      "os": [
        "android"
      ],
      "engines": {
        "node": ">= 12"
      }
    },
    "node_modules/@node-rs/xxhash-darwin-arm64": {
      "version": "1.7.6",
      "resolved": "https://registry.npmjs.org/@node-rs/xxhash-darwin-arm64/-/xxhash-darwin-arm64-1.7.6.tgz",
      "integrity": "sha512-6xGuE07CiCIry/KT3IiwQd/kykTOmjKzO/ZnHlE5ibGMx64NFE0qDuwJbxQ4rGyUzgJ0KuN9ZdOhUDJmepnpcw==",
      "cpu": [
        "arm64"
      ],
      "license": "MIT",
      "optional": true,
      "os": [
        "darwin"
      ],
      "engines": {
        "node": ">= 12"
      }
    },
    "node_modules/@node-rs/xxhash-darwin-x64": {
      "version": "1.7.6",
      "resolved": "https://registry.npmjs.org/@node-rs/xxhash-darwin-x64/-/xxhash-darwin-x64-1.7.6.tgz",
      "integrity": "sha512-Z4oNnhyznDvHhxv+s0ka+5KG8mdfLVucZMZMejj9BL+CPmamClygPiHIRiifRcPAoX9uPZykaCsULngIfLeF3Q==",
      "cpu": [
        "x64"
      ],
      "license": "MIT",
      "optional": true,
      "os": [
        "darwin"
      ],
      "engines": {
        "node": ">= 12"
      }
    },
    "node_modules/@node-rs/xxhash-freebsd-x64": {
      "version": "1.7.6",
      "resolved": "https://registry.npmjs.org/@node-rs/xxhash-freebsd-x64/-/xxhash-freebsd-x64-1.7.6.tgz",
      "integrity": "sha512-arCDOf3xZ5NfBL5fk5J52sNPjXL2cVWN6nXNB3nrtRFFdPBLsr6YXtshAc6wMVxnIW4VGaEv/5K6IpTA8AFyWw==",
      "cpu": [
        "x64"
      ],
      "license": "MIT",
      "optional": true,
      "os": [
        "freebsd"
      ],
      "engines": {
        "node": ">= 12"
      }
    },
    "node_modules/@node-rs/xxhash-linux-arm-gnueabihf": {
      "version": "1.7.6",
      "resolved": "https://registry.npmjs.org/@node-rs/xxhash-linux-arm-gnueabihf/-/xxhash-linux-arm-gnueabihf-1.7.6.tgz",
      "integrity": "sha512-ndLLEW+MwLH3lFS0ahlHCcmkf2ykOv/pbP8OBBeAOlz/Xc3jKztg5IJ9HpkjKOkHk470yYxgHVaw1QMoMzU00A==",
      "cpu": [
        "arm"
      ],
      "license": "MIT",
      "optional": true,
      "os": [
        "linux"
      ],
      "engines": {
        "node": ">= 12"
      }
    },
    "node_modules/@node-rs/xxhash-linux-arm64-gnu": {
      "version": "1.7.6",
      "resolved": "https://registry.npmjs.org/@node-rs/xxhash-linux-arm64-gnu/-/xxhash-linux-arm64-gnu-1.7.6.tgz",
      "integrity": "sha512-VX7VkTG87mAdrF2vw4aroiRpFIIN8Lj6NgtGHF+IUVbzQxPudl4kG+FPEjsNH8y04yQxRbPE7naQNgHcTKMrNw==",
      "cpu": [
        "arm64"
      ],
      "license": "MIT",
      "optional": true,
      "os": [
        "linux"
      ],
      "engines": {
        "node": ">= 12"
      }
    },
    "node_modules/@node-rs/xxhash-linux-arm64-musl": {
      "version": "1.7.6",
      "resolved": "https://registry.npmjs.org/@node-rs/xxhash-linux-arm64-musl/-/xxhash-linux-arm64-musl-1.7.6.tgz",
      "integrity": "sha512-AB5m6crGYSllM9F/xZNOQSPImotR5lOa9e4arW99Bv82S+gcpphI8fGMDOVTTCXY/RLRhvvhwzLDxmLB2O8VDg==",
      "cpu": [
        "arm64"
      ],
      "license": "MIT",
      "optional": true,
      "os": [
        "linux"
      ],
      "engines": {
        "node": ">= 12"
      }
    },
    "node_modules/@node-rs/xxhash-linux-x64-gnu": {
      "version": "1.7.6",
      "resolved": "https://registry.npmjs.org/@node-rs/xxhash-linux-x64-gnu/-/xxhash-linux-x64-gnu-1.7.6.tgz",
      "integrity": "sha512-a2A6M+5tc0PVlJlE/nl0XsLEzMpKkwg7Y1lR5urFUbW9uVQnKjJYQDrUojhlXk0Uv3VnYQPa6ThmwlacZA5mvQ==",
      "cpu": [
        "x64"
      ],
      "license": "MIT",
      "optional": true,
      "os": [
        "linux"
      ],
      "engines": {
        "node": ">= 12"
      }
    },
    "node_modules/@node-rs/xxhash-linux-x64-musl": {
      "version": "1.7.6",
      "resolved": "https://registry.npmjs.org/@node-rs/xxhash-linux-x64-musl/-/xxhash-linux-x64-musl-1.7.6.tgz",
      "integrity": "sha512-WioGJSC1GoxQpmdQrG5l/uddSBAS4XCWczHNwXe895J5xadGQzyvmr0r17BNfihvbBUDH1H9jwouNYzDDeA6+A==",
      "cpu": [
        "x64"
      ],
      "license": "MIT",
      "optional": true,
      "os": [
        "linux"
      ],
      "engines": {
        "node": ">= 12"
      }
    },
    "node_modules/@node-rs/xxhash-wasm32-wasi": {
      "version": "1.7.6",
      "resolved": "https://registry.npmjs.org/@node-rs/xxhash-wasm32-wasi/-/xxhash-wasm32-wasi-1.7.6.tgz",
      "integrity": "sha512-WDXXKMMFMrez+esm2DzMPHFNPFYf+wQUtaXrXwtxXeQMFEzleOLwEaqV0+bbXGJTwhPouL3zY1Qo2xmIH4kkTg==",
      "cpu": [
        "wasm32"
      ],
      "license": "MIT",
      "optional": true,
      "dependencies": {
        "@napi-rs/wasm-runtime": "^0.2.5"
      },
      "engines": {
        "node": ">=14.0.0"
      }
    },
    "node_modules/@node-rs/xxhash-win32-arm64-msvc": {
      "version": "1.7.6",
      "resolved": "https://registry.npmjs.org/@node-rs/xxhash-win32-arm64-msvc/-/xxhash-win32-arm64-msvc-1.7.6.tgz",
      "integrity": "sha512-qjDFUZJT/Zq0yFS+0TApkD86p0NBdPXlOoHur9yNeO9YX2/9/b1sC2P7N27PgOu13h61TUOvTUC00e/82jAZRQ==",
      "cpu": [
        "arm64"
      ],
      "license": "MIT",
      "optional": true,
      "os": [
        "win32"
      ],
      "engines": {
        "node": ">= 12"
      }
    },
    "node_modules/@node-rs/xxhash-win32-ia32-msvc": {
      "version": "1.7.6",
      "resolved": "https://registry.npmjs.org/@node-rs/xxhash-win32-ia32-msvc/-/xxhash-win32-ia32-msvc-1.7.6.tgz",
      "integrity": "sha512-s7a+mQWOTnU4NiiypRq/vbNGot/il0HheXuy9oxJ0SW2q/e4BJ8j0pnP6UBlAjsk+005A76vOwsEj01qbQw8+A==",
      "cpu": [
        "ia32"
      ],
      "license": "MIT",
      "optional": true,
      "os": [
        "win32"
      ],
      "engines": {
        "node": ">= 12"
      }
    },
    "node_modules/@node-rs/xxhash-win32-x64-msvc": {
      "version": "1.7.6",
      "resolved": "https://registry.npmjs.org/@node-rs/xxhash-win32-x64-msvc/-/xxhash-win32-x64-msvc-1.7.6.tgz",
      "integrity": "sha512-zHOHm2UaIahRhgRPJll+4Xy4Z18aAT/7KNeQW+QJupGvFz+GzOFXMGs3R/3B1Ktob/F5ui3i1MrW9GEob3CWTg==",
      "cpu": [
        "x64"
      ],
      "license": "MIT",
      "optional": true,
      "os": [
        "win32"
      ],
      "engines": {
        "node": ">= 12"
      }
    },
    "node_modules/@redis/bloom": {
      "version": "5.11.0",
      "resolved": "https://registry.npmjs.org/@redis/bloom/-/bloom-5.11.0.tgz",
      "integrity": "sha512-KYiVilAhAFN3057afUb/tfYJpsEyTkQB+tQcn5gVVA7DgcNOAj8lLxe4j8ov8BF6I9C1Fe/kwlbuAICcTMX8Lw==",
      "license": "MIT",
      "engines": {
        "node": ">= 18"
      },
      "peerDependencies": {
        "@redis/client": "^5.11.0"
      }
    },
    "node_modules/@redis/client": {
      "version": "5.11.0",
      "resolved": "https://registry.npmjs.org/@redis/client/-/client-5.11.0.tgz",
      "integrity": "sha512-GHoprlNQD51Xq2Ztd94HHV94MdFZQ3CVrpA04Fz8MVoHM0B7SlbmPEVIjwTbcv58z8QyjnrOuikS0rWF03k5dQ==",
      "license": "MIT",
      "peer": true,
      "dependencies": {
        "cluster-key-slot": "1.1.2"
      },
      "engines": {
        "node": ">= 18"
      },
      "peerDependencies": {
        "@node-rs/xxhash": "^1.1.0"
      },
      "peerDependenciesMeta": {
        "@node-rs/xxhash": {
          "optional": true
        }
      }
    },
    "node_modules/@redis/json": {
      "version": "5.11.0",
      "resolved": "https://registry.npmjs.org/@redis/json/-/json-5.11.0.tgz",
      "integrity": "sha512-1iAy9kAtcD0quB21RbPTbUqqy+T2Uu2JxucwE+B4A+VaDbIRvpZR6DMqV8Iqaws2YxJYB3GC5JVNzPYio2ErUg==",
      "license": "MIT",
      "engines": {
        "node": ">= 18"
      },
      "peerDependencies": {
        "@redis/client": "^5.11.0"
      }
    },
    "node_modules/@redis/search": {
      "version": "5.11.0",
      "resolved": "https://registry.npmjs.org/@redis/search/-/search-5.11.0.tgz",
      "integrity": "sha512-g1l7f3Rnyk/xI99oGHIgWHSKFl45Re5YTIcO8j/JE8olz389yUFyz2+A6nqVy/Zi031VgPDWscbbgOk8hlhZ3g==",
      "license": "MIT",
      "engines": {
        "node": ">= 18"
      },
      "peerDependencies": {
        "@redis/client": "^5.11.0"
      }
    },
    "node_modules/@redis/time-series": {
      "version": "5.11.0",
      "resolved": "https://registry.npmjs.org/@redis/time-series/-/time-series-5.11.0.tgz",
      "integrity": "sha512-TWFeOcU4xkj0DkndnOyhtxvX1KWD+78UHT3XX3x3XRBUGWeQrKo3jqzDsZwxbggUgf9yLJr/akFHXru66X5UQA==",
      "license": "MIT",
      "engines": {
        "node": ">= 18"
      },
      "peerDependencies": {
        "@redis/client": "^5.11.0"
      }
    },
    "node_modules/@tybys/wasm-util": {
      "version": "0.10.1",
      "resolved": "https://registry.npmjs.org/@tybys/wasm-util/-/wasm-util-0.10.1.tgz",
      "integrity": "sha512-9tTaPJLSiejZKx+Bmog4uSubteqTvFrVrURwkmHixBo0G4seD0zUxp98E1DzUBJxLQ3NPwXrGKDiVjwx/DpPsg==",
      "license": "MIT",
      "optional": true,
      "dependencies": {
        "tslib": "^2.4.0"
      }
    },
    "node_modules/@types/node": {
      "version": "25.3.5",
      "resolved": "https://registry.npmjs.org/@types/node/-/node-25.3.5.tgz",
      "integrity": "sha512-oX8xrhvpiyRCQkG1MFchB09f+cXftgIXb3a7UUa4Y3wpmZPw5tyZGTLWhlESOLq1Rq6oDlc8npVU2/9xiCuXMA==",
      "license": "MIT",
      "peer": true,
      "dependencies": {
        "undici-types": "~7.18.0"
      }
    },
    "node_modules/aws-ssl-profiles": {
      "version": "1.1.2",
      "resolved": "https://registry.npmjs.org/aws-ssl-profiles/-/aws-ssl-profiles-1.1.2.tgz",
      "integrity": "sha512-NZKeq9AfyQvEeNlN0zSYAaWrmBffJh3IELMZfRpJVWgrpEbtEpnjvzqBPf+mxoI287JohRDoa+/nsfqqiZmF6g==",
      "license": "MIT",
      "engines": {
        "node": ">= 6.0.0"
      }
    },
    "node_modules/cluster-key-slot": {
      "version": "1.1.2",
      "resolved": "https://registry.npmjs.org/cluster-key-slot/-/cluster-key-slot-1.1.2.tgz",
      "integrity": "sha512-RMr0FhtfXemyinomL4hrWcYJxmX6deFdCxpJzhDttxgO1+bcCnkk+9drydLVDmAMG7NE6aN/fl4F7ucU/90gAA==",
      "license": "Apache-2.0",
      "engines": {
        "node": ">=0.10.0"
      }
    },
    "node_modules/denque": {
      "version": "2.1.0",
      "resolved": "https://registry.npmjs.org/denque/-/denque-2.1.0.tgz",
      "integrity": "sha512-HVQE3AAb/pxF8fQAoiqpvg9i3evqug3hoiwakOyZAwJm+6vZehbkYXZ0l4JxS+I3QxM97v5aaRNhj8v5oBhekw==",
      "license": "Apache-2.0",
      "engines": {
        "node": ">=0.10"
      }
    },
    "node_modules/generate-function": {
      "version": "2.3.1",
      "resolved": "https://registry.npmjs.org/generate-function/-/generate-function-2.3.1.tgz",
      "integrity": "sha512-eeB5GfMNeevm/GRYq20ShmsaGcmI81kIX2K9XQx5miC8KdHaC6Jm0qQ8ZNeGOi7wYB8OsdxKs+Y2oVuTFuVwKQ==",
      "license": "MIT",
      "dependencies": {
        "is-property": "^1.0.2"
      }
    },
    "node_modules/iconv-lite": {
      "version": "0.7.2",
      "resolved": "https://registry.npmjs.org/iconv-lite/-/iconv-lite-0.7.2.tgz",
      "integrity": "sha512-im9DjEDQ55s9fL4EYzOAv0yMqmMBSZp6G0VvFyTMPKWxiSBHUj9NW/qqLmXUwXrrM7AvqSlTCfvqRb0cM8yYqw==",
      "license": "MIT",
      "dependencies": {
        "safer-buffer": ">= 2.1.2 < 3.0.0"
      },
      "engines": {
        "node": ">=0.10.0"
      },
      "funding": {
        "type": "opencollective",
        "url": "https://opencollective.com/express"
      }
    },
    "node_modules/is-property": {
      "version": "1.0.2",
      "resolved": "https://registry.npmjs.org/is-property/-/is-property-1.0.2.tgz",
      "integrity": "sha512-Ks/IoX00TtClbGQr4TWXemAnktAQvYB7HzcCxDGqEZU6oCmb2INHuOoKxbtR+HFkmYWBKv/dOZtGRiAjDhj92g==",
      "license": "MIT"
    },
    "node_modules/long": {
      "version": "5.3.2",
      "resolved": "https://registry.npmjs.org/long/-/long-5.3.2.tgz",
      "integrity": "sha512-mNAgZ1GmyNhD7AuqnTG3/VQ26o760+ZYBPKjPvugO8+nLbYfX6TVpJPseBvopbdY+qpZ/lKUnmEc1LeZYS3QAA==",
      "license": "Apache-2.0"
    },
    "node_modules/lru.min": {
      "version": "1.1.4",
      "resolved": "https://registry.npmjs.org/lru.min/-/lru.min-1.1.4.tgz",
      "integrity": "sha512-DqC6n3QQ77zdFpCMASA1a3Jlb64Hv2N2DciFGkO/4L9+q/IpIAuRlKOvCXabtRW6cQf8usbmM6BE/TOPysCdIA==",
      "license": "MIT",
      "engines": {
        "bun": ">=1.0.0",
        "deno": ">=1.30.0",
        "node": ">=8.0.0"
      },
      "funding": {
        "type": "github",
        "url": "https://github.com/sponsors/wellwelwel"
      }
    },
    "node_modules/memjs": {
      "version": "1.3.2",
      "resolved": "https://registry.npmjs.org/memjs/-/memjs-1.3.2.tgz",
      "integrity": "sha512-qUEg2g8vxPe+zPn09KidjIStHPtoBO8Cttm8bgJFWWabbsjQ9Av9Ky+6UcvKx6ue0LLb/LEhtcyQpRyKfzeXcg==",
      "license": "MIT",
      "engines": {
        "node": ">=0.10.0"
      }
    },
    "node_modules/mysql2": {
      "version": "3.19.0",
      "resolved": "https://registry.npmjs.org/mysql2/-/mysql2-3.19.0.tgz",
      "integrity": "sha512-760Ay9HViAUT7V8QkYxrIx/LHJPGWtE+D/31VuiDm1eu2IFaUIqMcK7+hVHnmgnC7JnnwreFKsZoa8K6BnGl8Q==",
      "license": "MIT",
      "dependencies": {
        "aws-ssl-profiles": "^1.1.2",
        "denque": "^2.1.0",
        "generate-function": "^2.3.1",
        "iconv-lite": "^0.7.2",
        "long": "^5.3.2",
        "lru.min": "^1.1.4",
        "named-placeholders": "^1.1.6",
        "sql-escaper": "^1.3.3"
      },
      "engines": {
        "node": ">= 8.0"
      },
      "peerDependencies": {
        "@types/node": ">= 8"
      }
    },
    "node_modules/named-placeholders": {
      "version": "1.1.6",
      "resolved": "https://registry.npmjs.org/named-placeholders/-/named-placeholders-1.1.6.tgz",
      "integrity": "sha512-Tz09sEL2EEuv5fFowm419c1+a/jSMiBjI9gHxVLrVdbUkkNUUfjsVYs9pVZu5oCon/kmRh9TfLEObFtkVxmY0w==",
      "license": "MIT",
      "dependencies": {
        "lru.min": "^1.1.0"
      },
      "engines": {
        "node": ">=8.0.0"
      }
    },
    "node_modules/redis": {
      "version": "5.11.0",
      "resolved": "https://registry.npmjs.org/redis/-/redis-5.11.0.tgz",
      "integrity": "sha512-YwXjATVDT+AuxcyfOwZn046aml9jMlQPvU1VXIlLDVAExe0u93aTfPYSeRgG4p9Q/Jlkj+LXJ1XEoFV+j2JKcQ==",
      "license": "MIT",
      "dependencies": {
        "@redis/bloom": "5.11.0",
        "@redis/client": "5.11.0",
        "@redis/json": "5.11.0",
        "@redis/search": "5.11.0",
        "@redis/time-series": "5.11.0"
      },
      "engines": {
        "node": ">= 18"
      }
    },
    "node_modules/safer-buffer": {
      "version": "2.1.2",
      "resolved": "https://registry.npmjs.org/safer-buffer/-/safer-buffer-2.1.2.tgz",
      "integrity": "sha512-YZo3K82SD7Riyi0E1EQPojLz7kpepnSQI9IyPbHHg1XXXevb5dJI7tpyN2ADxGcQbHG7vcyRHk0cbwqcQriUtg==",
      "license": "MIT"
    },
    "node_modules/sql-escaper": {
      "version": "1.3.3",
      "resolved": "https://registry.npmjs.org/sql-escaper/-/sql-escaper-1.3.3.tgz",
      "integrity": "sha512-BsTCV265VpTp8tm1wyIm1xqQCS+Q9NHx2Sr+WcnUrgLrQ6yiDIvHYJV5gHxsj1lMBy2zm5twLaZao8Jd+S8JJw==",
      "license": "MIT",
      "engines": {
        "bun": ">=1.0.0",
        "deno": ">=2.0.0",
        "node": ">=12.0.0"
      },
      "funding": {
        "type": "github",
        "url": "https://github.com/mysqljs/sql-escaper?sponsor=1"
      }
    },
    "node_modules/tslib": {
      "version": "2.8.1",
      "resolved": "https://registry.npmjs.org/tslib/-/tslib-2.8.1.tgz",
      "integrity": "sha512-oJFu94HQb+KVduSUQL7wnpmqnfmLsOA/nAh6b6EH0wCEoK0/mPeXU6c3wKDV83MkOuHPRHtSXKKU99IBazS/2w==",
      "license": "0BSD",
      "optional": true
    },
    "node_modules/undici-types": {
      "version": "7.18.2",
      "resolved": "https://registry.npmjs.org/undici-types/-/undici-types-7.18.2.tgz",
      "integrity": "sha512-AsuCzffGHJybSaRrmr5eHr81mwJU3kjw6M+uprWvCXiNeN9SOGwQ3Jn8jb8m3Z6izVgknn1R0FTCEAP2QrLY/w==",
      "license": "MIT"
    }
  }
}
